
Microsoft Visual Studio Solution File, Format Version 12.00
# Visual Studio 14
VisualStudioVersion = 14.0.25420.1
MinimumVisualStudioVersion = 10.0.40219.1
Project("{FAE04EC0-301F-11D3-BF4B-00C04F79EFBC}") = "Framework", "Framework\Framework.csproj", "{70465337-66B7-475A-B868-47044855AA90}"
EndProject
Project("{FAE04EC0-301F-11D3-BF4B-00C04F79EFBC}") = "GlobalMasterMaintenance", "GlobalMasterMaintenance\GlobalMasterMaintenance.csproj", "{9E823D53-212F-45AD-B9C2-CA488F10F0EA}"
	ProjectSection(ProjectDependencies) = postProject
		{70465337-66B7-475A-B868-47044855AA90} = {70465337-66B7-475A-B868-47044855AA90}
	EndProjectSection
EndProject
Project("{2150E333-8FDC-42A3-9474-1A3956D46DE8}") = "DLL", "DLL", "{863969F2-C3A5-4677-B273-349AEFF5EE53}"
	ProjectSection(SolutionItems) = preProject
		Dll\Framework.dll = Dll\Framework.dll
		Dll\Framework_Server.dll = Dll\Framework_Server.dll
		Dll\Framework_Util.dll = Dll\Framework_Util.dll
		Dll\GlobalMasterMaintenance.dll = Dll\GlobalMasterMaintenance.dll
		Dll\log4net.dll = Dll\log4net.dll
		Dll\Microsoft.Office.Interop.Excel.dll = Dll\Microsoft.Office.Interop.Excel.dll
		Dll\MySql.Data.dll = Dll\MySql.Data.dll
		Dll\Newtonsoft.Json.dll = Dll\Newtonsoft.Json.dll
		Dll\npgsql.dll = Dll\npgsql.dll
		Dll\PQMConnector_Client.dll = Dll\PQMConnector_Client.dll
		Dll\sapnco.dll = Dll\sapnco.dll
		Dll\sapnco_utils.dll = Dll\sapnco_utils.dll
		Dll\System.Drawing.Common.dll = Dll\System.Drawing.Common.dll
		Dll\zxing.dll = Dll\zxing.dll
		Dll\zxing.presentation.dll = Dll\zxing.presentation.dll
	EndProjectSection
EndProject
Project("{2150E333-8FDC-42A3-9474-1A3956D46DE8}") = "ERD", "ERD", "{B5602E05-926E-40C5-AEE7-028CF5E2B095}"
	ProjectSection(SolutionItems) = preProject
		ERD\GLOBAL_MM_ERD_006.a5er = ERD\GLOBAL_MM_ERD_006.a5er
		ERD\SAP_Sync_ERD_001.a5er = ERD\SAP_Sync_ERD_001.a5er
	EndProjectSection
EndProject
Project("{FAE04EC0-301F-11D3-BF4B-00C04F79EFBC}") = "Framework_Server", "Framework_Server\Framework_Server.csproj", "{79B3FBD2-BF99-4470-90FC-17EE54DC77D3}"
	ProjectSection(ProjectDependencies) = postProject
		{70465337-66B7-475A-B868-47044855AA90} = {70465337-66B7-475A-B868-47044855AA90}
		{43050C91-23E1-421D-8938-CFF273C9D664} = {43050C91-23E1-421D-8938-CFF273C9D664}
	EndProjectSection
EndProject
Project("{FAE04EC0-301F-11D3-BF4B-00C04F79EFBC}") = "PQMConnector_Client", "PQMConnector_Client\PQMConnector_Client.csproj", "{43050C91-23E1-421D-8938-CFF273C9D664}"
	ProjectSection(ProjectDependencies) = postProject
		{70465337-66B7-475A-B868-47044855AA90} = {70465337-66B7-475A-B868-47044855AA90}
	EndProjectSection
EndProject
Project("{FAE04EC0-301F-11D3-BF4B-00C04F79EFBC}") = "SAPConnector_Client", "SAPConnector_Client\SAPConnector_Client.csproj", "{8AE43241-A6E4-4C6D-9811-AB95A50009B7}"
	ProjectSection(ProjectDependencies) = postProject
		{70465337-66B7-475A-B868-47044855AA90} = {70465337-66B7-475A-B868-47044855AA90}
		{9E823D53-212F-45AD-B9C2-CA488F10F0EA} = {9E823D53-212F-45AD-B9C2-CA488F10F0EA}
	EndProjectSection
EndProject
Project("{FAE04EC0-301F-11D3-BF4B-00C04F79EFBC}") = "Framework_Util", "Framework_Util\Framework_Util.csproj", "{4E042AFA-3497-4178-83D0-25A1BBC8E648}"
EndProject
Project("{FAE04EC0-301F-11D3-BF4B-00C04F79EFBC}") = "Framework_Batch", "Framework_Batch\Framework_Batch.csproj", "{09AC53F5-B2A3-4D0F-B63B-2B3DED6CACA2}"
EndProject
Global
	GlobalSection(SolutionConfigurationPlatforms) = preSolution
		Debug|Any CPU = Debug|Any CPU
		Debug|x64 = Debug|x64
		Debug|x86 = Debug|x86
		Release|Any CPU = Release|Any CPU
		Release|x64 = Release|x64
		Release|x86 = Release|x86
	EndGlobalSection
	GlobalSection(ProjectConfigurationPlatforms) = postSolution
		{70465337-66B7-475A-B868-47044855AA90}.Debug|Any CPU.ActiveCfg = Debug|Any CPU
		{70465337-66B7-475A-B868-47044855AA90}.Debug|Any CPU.Build.0 = Debug|Any CPU
		{70465337-66B7-475A-B868-47044855AA90}.Debug|x64.ActiveCfg = Debug|Any CPU
		{70465337-66B7-475A-B868-47044855AA90}.Debug|x64.Build.0 = Debug|Any CPU
		{70465337-66B7-475A-B868-47044855AA90}.Debug|x86.ActiveCfg = Debug|x86
		{70465337-66B7-475A-B868-47044855AA90}.Debug|x86.Build.0 = Debug|x86
		{70465337-66B7-475A-B868-47044855AA90}.Release|Any CPU.ActiveCfg = Release|Any CPU
		{70465337-66B7-475A-B868-47044855AA90}.Release|Any CPU.Build.0 = Release|Any CPU
		{70465337-66B7-475A-B868-47044855AA90}.Release|x64.ActiveCfg = Release|Any CPU
		{70465337-66B7-475A-B868-47044855AA90}.Release|x64.Build.0 = Release|Any CPU
		{70465337-66B7-475A-B868-47044855AA90}.Release|x86.ActiveCfg = Release|x86
		{70465337-66B7-475A-B868-47044855AA90}.Release|x86.Build.0 = Release|x86
		{9E823D53-212F-45AD-B9C2-CA488F10F0EA}.Debug|Any CPU.ActiveCfg = Debug|Any CPU
		{9E823D53-212F-45AD-B9C2-CA488F10F0EA}.Debug|Any CPU.Build.0 = Debug|Any CPU
		{9E823D53-212F-45AD-B9C2-CA488F10F0EA}.Debug|x64.ActiveCfg = Debug|Any CPU
		{9E823D53-212F-45AD-B9C2-CA488F10F0EA}.Debug|x64.Build.0 = Debug|Any CPU
		{9E823D53-212F-45AD-B9C2-CA488F10F0EA}.Debug|x86.ActiveCfg = Debug|Any CPU
		{9E823D53-212F-45AD-B9C2-CA488F10F0EA}.Debug|x86.Build.0 = Debug|Any CPU
		{9E823D53-212F-45AD-B9C2-CA488F10F0EA}.Release|Any CPU.ActiveCfg = Release|Any CPU
		{9E823D53-212F-45AD-B9C2-CA488F10F0EA}.Release|Any CPU.Build.0 = Release|Any CPU
		{9E823D53-212F-45AD-B9C2-CA488F10F0EA}.Release|x64.ActiveCfg = Release|Any CPU
		{9E823D53-212F-45AD-B9C2-CA488F10F0EA}.Release|x64.Build.0 = Release|Any CPU
		{9E823D53-212F-45AD-B9C2-CA488F10F0EA}.Release|x86.ActiveCfg = Release|Any CPU
		{9E823D53-212F-45AD-B9C2-CA488F10F0EA}.Release|x86.Build.0 = Release|Any CPU
		{79B3FBD2-BF99-4470-90FC-17EE54DC77D3}.Debug|Any CPU.ActiveCfg = Debug|Any CPU
		{79B3FBD2-BF99-4470-90FC-17EE54DC77D3}.Debug|Any CPU.Build.0 = Debug|Any CPU
		{79B3FBD2-BF99-4470-90FC-17EE54DC77D3}.Debug|x64.ActiveCfg = Debug|Any CPU
		{79B3FBD2-BF99-4470-90FC-17EE54DC77D3}.Debug|x64.Build.0 = Debug|Any CPU
		{79B3FBD2-BF99-4470-90FC-17EE54DC77D3}.Debug|x86.ActiveCfg = Debug|Any CPU
		{79B3FBD2-BF99-4470-90FC-17EE54DC77D3}.Debug|x86.Build.0 = Debug|Any CPU
		{79B3FBD2-BF99-4470-90FC-17EE54DC77D3}.Release|Any CPU.ActiveCfg = Release|Any CPU
		{79B3FBD2-BF99-4470-90FC-17EE54DC77D3}.Release|Any CPU.Build.0 = Release|Any CPU
		{79B3FBD2-BF99-4470-90FC-17EE54DC77D3}.Release|x64.ActiveCfg = Release|Any CPU
		{79B3FBD2-BF99-4470-90FC-17EE54DC77D3}.Release|x64.Build.0 = Release|Any CPU
		{79B3FBD2-BF99-4470-90FC-17EE54DC77D3}.Release|x86.ActiveCfg = Release|Any CPU
		{79B3FBD2-BF99-4470-90FC-17EE54DC77D3}.Release|x86.Build.0 = Release|Any CPU
		{43050C91-23E1-421D-8938-CFF273C9D664}.Debug|Any CPU.ActiveCfg = Debug|Any CPU
		{43050C91-23E1-421D-8938-CFF273C9D664}.Debug|Any CPU.Build.0 = Debug|Any CPU
		{43050C91-23E1-421D-8938-CFF273C9D664}.Debug|x64.ActiveCfg = Debug|Any CPU
		{43050C91-23E1-421D-8938-CFF273C9D664}.Debug|x64.Build.0 = Debug|Any CPU
		{43050C91-23E1-421D-8938-CFF273C9D664}.Debug|x86.ActiveCfg = Debug|Any CPU
		{43050C91-23E1-421D-8938-CFF273C9D664}.Debug|x86.Build.0 = Debug|Any CPU
		{43050C91-23E1-421D-8938-CFF273C9D664}.Release|Any CPU.ActiveCfg = Release|Any CPU
		{43050C91-23E1-421D-8938-CFF273C9D664}.Release|Any CPU.Build.0 = Release|Any CPU
		{43050C91-23E1-421D-8938-CFF273C9D664}.Release|x64.ActiveCfg = Release|Any CPU
		{43050C91-23E1-421D-8938-CFF273C9D664}.Release|x64.Build.0 = Release|Any CPU
		{43050C91-23E1-421D-8938-CFF273C9D664}.Release|x86.ActiveCfg = Release|Any CPU
		{43050C91-23E1-421D-8938-CFF273C9D664}.Release|x86.Build.0 = Release|Any CPU
		{8AE43241-A6E4-4C6D-9811-AB95A50009B7}.Debug|Any CPU.ActiveCfg = Debug|Any CPU
		{8AE43241-A6E4-4C6D-9811-AB95A50009B7}.Debug|Any CPU.Build.0 = Debug|Any CPU
		{8AE43241-A6E4-4C6D-9811-AB95A50009B7}.Debug|x64.ActiveCfg = Debug|Any CPU
		{8AE43241-A6E4-4C6D-9811-AB95A50009B7}.Debug|x64.Build.0 = Debug|Any CPU
		{8AE43241-A6E4-4C6D-9811-AB95A50009B7}.Debug|x86.ActiveCfg = Debug|Any CPU
		{8AE43241-A6E4-4C6D-9811-AB95A50009B7}.Debug|x86.Build.0 = Debug|Any CPU
		{8AE43241-A6E4-4C6D-9811-AB95A50009B7}.Release|Any CPU.ActiveCfg = Release|Any CPU
		{8AE43241-A6E4-4C6D-9811-AB95A50009B7}.Release|Any CPU.Build.0 = Release|Any CPU
		{8AE43241-A6E4-4C6D-9811-AB95A50009B7}.Release|x64.ActiveCfg = Release|Any CPU
		{8AE43241-A6E4-4C6D-9811-AB95A50009B7}.Release|x64.Build.0 = Release|Any CPU
		{8AE43241-A6E4-4C6D-9811-AB95A50009B7}.Release|x86.ActiveCfg = Release|Any CPU
		{8AE43241-A6E4-4C6D-9811-AB95A50009B7}.Release|x86.Build.0 = Release|Any CPU
		{4E042AFA-3497-4178-83D0-25A1BBC8E648}.Debug|Any CPU.ActiveCfg = Debug|Any CPU
		{4E042AFA-3497-4178-83D0-25A1BBC8E648}.Debug|Any CPU.Build.0 = Debug|Any CPU
		{4E042AFA-3497-4178-83D0-25A1BBC8E648}.Debug|x64.ActiveCfg = Debug|Any CPU
		{4E042AFA-3497-4178-83D0-25A1BBC8E648}.Debug|x64.Build.0 = Debug|Any CPU
		{4E042AFA-3497-4178-83D0-25A1BBC8E648}.Debug|x86.ActiveCfg = Debug|Any CPU
		{4E042AFA-3497-4178-83D0-25A1BBC8E648}.Debug|x86.Build.0 = Debug|Any CPU
		{4E042AFA-3497-4178-83D0-25A1BBC8E648}.Release|Any CPU.ActiveCfg = Release|Any CPU
		{4E042AFA-3497-4178-83D0-25A1BBC8E648}.Release|Any CPU.Build.0 = Release|Any CPU
		{4E042AFA-3497-4178-83D0-25A1BBC8E648}.Release|x64.ActiveCfg = Release|Any CPU
		{4E042AFA-3497-4178-83D0-25A1BBC8E648}.Release|x64.Build.0 = Release|Any CPU
		{4E042AFA-3497-4178-83D0-25A1BBC8E648}.Release|x86.ActiveCfg = Release|Any CPU
		{4E042AFA-3497-4178-83D0-25A1BBC8E648}.Release|x86.Build.0 = Release|Any CPU
		{09AC53F5-B2A3-4D0F-B63B-2B3DED6CACA2}.Debug|Any CPU.ActiveCfg = Debug|Any CPU
		{09AC53F5-B2A3-4D0F-B63B-2B3DED6CACA2}.Debug|Any CPU.Build.0 = Debug|Any CPU
		{09AC53F5-B2A3-4D0F-B63B-2B3DED6CACA2}.Debug|x64.ActiveCfg = Debug|Any CPU
		{09AC53F5-B2A3-4D0F-B63B-2B3DED6CACA2}.Debug|x64.Build.0 = Debug|Any CPU
		{09AC53F5-B2A3-4D0F-B63B-2B3DED6CACA2}.Debug|x86.ActiveCfg = Debug|Any CPU
		{09AC53F5-B2A3-4D0F-B63B-2B3DED6CACA2}.Debug|x86.Build.0 = Debug|Any CPU
		{09AC53F5-B2A3-4D0F-B63B-2B3DED6CACA2}.Release|Any CPU.ActiveCfg = Release|Any CPU
		{09AC53F5-B2A3-4D0F-B63B-2B3DED6CACA2}.Release|Any CPU.Build.0 = Release|Any CPU
		{09AC53F5-B2A3-4D0F-B63B-2B3DED6CACA2}.Release|x64.ActiveCfg = Release|Any CPU
		{09AC53F5-B2A3-4D0F-B63B-2B3DED6CACA2}.Release|x64.Build.0 = Release|Any CPU
		{09AC53F5-B2A3-4D0F-B63B-2B3DED6CACA2}.Release|x86.ActiveCfg = Release|Any CPU
		{09AC53F5-B2A3-4D0F-B63B-2B3DED6CACA2}.Release|x86.Build.0 = Release|Any CPU
	EndGlobalSection
	GlobalSection(SolutionProperties) = preSolution
		HideSolutionNode = FALSE
	EndGlobalSection
EndGlobal
